hash: 080cd02bd03726c309bd48a9eaa5b128b396d1cb57445bfc7036e3f6ae976dbd
updated: 2018-04-11T19:06:39.017896+08:00
imports:
- name: github.com/asdine/storm
  version: a86fa5e09c9c50a06416b08fd9acd4839fb2d62e
  subpackages:
  - codec
  - codec/json
  - index
  - internal
  - q
- name: github.com/astaxie/beego
  version: cab8458c1c4a5a3b4bf5192922be620e6dede15b
  subpackages:
  - logs
- name: github.com/coreos/bbolt
  version: af9db2027c98c61ecd8e17caa5bd265792b9b9a2
- name: github.com/ethereum/go-ethereum
  version: 5a79aca8b918a177d192299984d8f287dd6c1eb4
  subpackages:
  - common
  - common/hexutil
  - crypto/sha3
- name: golang.org/x/sys
  version: 3b87a42e500a6dc65dae1a55d0b641295971163e
  subpackages:
  - unix
testImports: []
